
Microsoft Visual Studio Solution File, Format Version 12.00
# Visual Studio Version 17
VisualStudioVersion = 17.3.32922.545
MinimumVisualStudioVersion = 10.0.40219.1
Project("{9A19103F-16F7-4668-BE54-9A1E7A4F7556}") = "Test", "Test.csproj", "{6E6423F9-DB91-4E18-A14F-42B95311FA7B}"
EndProject
Global
	GlobalSection(SolutionConfigurationPlatforms) = preSolution
		Debug|Any CPU = Debug|Any CPU
		Release|Any CPU = Release|Any CPU
	EndGlobalSection
	GlobalSection(ProjectConfigurationPlatforms) = postSolution
		{6E6423F9-DB91-4E18-A14F-42B95311FA7B}.Debug|Any CPU.ActiveCfg = Debug|Any CPU
		{6E6423F9-DB91-4E18-A14F-42B95311FA7B}.Debug|Any CPU.Build.0 = Debug|Any CPU
		{6E6423F9-DB91-4E18-A14F-42B95311FA7B}.Release|Any CPU.ActiveCfg = Release|Any CPU
		{6E6423F9-DB91-4E18-A14F-42B95311FA7B}.Release|Any CPU.Build.0 = Release|Any CPU
	EndGlobalSection
	GlobalSection(SolutionProperties) = preSolution
		HideSolutionNode = FALSE
	EndGlobalSection
	GlobalSection(ExtensibilityGlobals) = postSolution
		SolutionGuid = {31FD27C6-26E5-4755-A59D-35ACBB9D0321}
	EndGlobalSection
EndGlobal
